
Microsoft Visual Studio Solution File, Format Version 12.00
# Visual Studio Version 16
VisualStudioVersion = 16.0.30011.22
MinimumVisualStudioVersion = 10.0.40219.1
Project("{FAE04EC0-301F-11D3-BF4B-00C04F79EFBC}") = "RestCore", "RestCore\RestCore.csproj", "{F71D75C0-2BAA-4F7B-BC68-14B2806EFACE}"
EndProject
Global
	GlobalSection(SolutionConfigurationPlatforms) = preSolution
		Debug|Any CPU = Debug|Any CPU
		Release|Any CPU = Release|Any CPU
	EndGlobalSection
	GlobalSection(ProjectConfigurationPlatforms) = postSolution
		{F71D75C0-2BAA-4F7B-BC68-14B2806EFACE}.Debug|Any CPU.ActiveCfg = Debug|Any CPU
		{F71D75C0-2BAA-4F7B-BC68-14B2806EFACE}.Debug|Any CPU.Build.0 = Debug|Any CPU
		{F71D75C0-2BAA-4F7B-BC68-14B2806EFACE}.Release|Any CPU.ActiveCfg = Release|Any CPU
		{F71D75C0-2BAA-4F7B-BC68-14B2806EFACE}.Release|Any CPU.Build.0 = Release|Any CPU
	EndGlobalSection
	GlobalSection(SolutionProperties) = preSolution
		HideSolutionNode = FALSE
	EndGlobalSection
	GlobalSection(ExtensibilityGlobals) = postSolution
		SolutionGuid = {EB1C35AB-4349-4395-A828-4DBE53C2A753}
	EndGlobalSection
EndGlobal
